
Microsoft Visual Studio Solution File, Format Version 12.00
# Visual Studio Version 17
VisualStudioVersion = 17.1.32210.238
MinimumVisualStudioVersion = 10.0.40219.1
Project("{FAE04EC0-301F-11D3-BF4B-00C04F79EFBC}") = "Problem 8 Palindrom", "Problem 8 Palindrom\Problem 8 Palindrom.csproj", "{8F976768-3D7D-4C19-9345-565BA4987AA0}"
EndProject
Global
	GlobalSection(SolutionConfigurationPlatforms) = preSolution
		Debug|Any CPU = Debug|Any CPU
		Release|Any CPU = Release|Any CPU
	EndGlobalSection
	GlobalSection(ProjectConfigurationPlatforms) = postSolution
		{8F976768-3D7D-4C19-9345-565BA4987AA0}.Debug|Any CPU.ActiveCfg = Debug|Any CPU
		{8F976768-3D7D-4C19-9345-565BA4987AA0}.Debug|Any CPU.Build.0 = Debug|Any CPU
		{8F976768-3D7D-4C19-9345-565BA4987AA0}.Release|Any CPU.ActiveCfg = Release|Any CPU
		{8F976768-3D7D-4C19-9345-565BA4987AA0}.Release|Any CPU.Build.0 = Release|Any CPU
	EndGlobalSection
	GlobalSection(SolutionProperties) = preSolution
		HideSolutionNode = FALSE
	EndGlobalSection
	GlobalSection(ExtensibilityGlobals) = postSolution
		SolutionGuid = {A7BAE654-C47A-46DC-BC8F-67E4701CFE7E}
	EndGlobalSection
EndGlobal
