
Microsoft Visual Studio Solution File, Format Version 12.00
# Visual Studio Version 17
VisualStudioVersion = 17.1.32210.238
MinimumVisualStudioVersion = 10.0.40219.1
Project("{FAE04EC0-301F-11D3-BF4B-00C04F79EFBC}") = "Math Problem 1", "Math Problem 1\Math Problem 1.csproj", "{2F118EDC-2F00-49B5-BC03-34E8B44E7685}"
EndProject
Global
	GlobalSection(SolutionConfigurationPlatforms) = preSolution
		Debug|Any CPU = Debug|Any CPU
		Release|Any CPU = Release|Any CPU
	EndGlobalSection
	GlobalSection(ProjectConfigurationPlatforms) = postSolution
		{2F118EDC-2F00-49B5-BC03-34E8B44E7685}.Debug|Any CPU.ActiveCfg = Debug|Any CPU
		{2F118EDC-2F00-49B5-BC03-34E8B44E7685}.Debug|Any CPU.Build.0 = Debug|Any CPU
		{2F118EDC-2F00-49B5-BC03-34E8B44E7685}.Release|Any CPU.ActiveCfg = Release|Any CPU
		{2F118EDC-2F00-49B5-BC03-34E8B44E7685}.Release|Any CPU.Build.0 = Release|Any CPU
	EndGlobalSection
	GlobalSection(SolutionProperties) = preSolution
		HideSolutionNode = FALSE
	EndGlobalSection
	GlobalSection(ExtensibilityGlobals) = postSolution
		SolutionGuid = {970B6F14-046A-4617-ACEB-8F29E2A36C2D}
	EndGlobalSection
EndGlobal
