
Microsoft Visual Studio Solution File, Format Version 12.00
# Visual Studio Version 17
VisualStudioVersion = 17.1.32210.238
MinimumVisualStudioVersion = 10.0.40219.1
Project("{FAE04EC0-301F-11D3-BF4B-00C04F79EFBC}") = "Problem 5", "Problem 5\Problem 5.csproj", "{6D17804B-4251-401C-BE8F-771790B6D829}"
EndProject
Global
	GlobalSection(SolutionConfigurationPlatforms) = preSolution
		Debug|Any CPU = Debug|Any CPU
		Release|Any CPU = Release|Any CPU
	EndGlobalSection
	GlobalSection(ProjectConfigurationPlatforms) = postSolution
		{6D17804B-4251-401C-BE8F-771790B6D829}.Debug|Any CPU.ActiveCfg = Debug|Any CPU
		{6D17804B-4251-401C-BE8F-771790B6D829}.Debug|Any CPU.Build.0 = Debug|Any CPU
		{6D17804B-4251-401C-BE8F-771790B6D829}.Release|Any CPU.ActiveCfg = Release|Any CPU
		{6D17804B-4251-401C-BE8F-771790B6D829}.Release|Any CPU.Build.0 = Release|Any CPU
	EndGlobalSection
	GlobalSection(SolutionProperties) = preSolution
		HideSolutionNode = FALSE
	EndGlobalSection
	GlobalSection(ExtensibilityGlobals) = postSolution
		SolutionGuid = {3A42C641-EEB8-4065-838D-46132CA12237}
	EndGlobalSection
EndGlobal
