
Microsoft Visual Studio Solution File, Format Version 12.00
# Visual Studio Version 17
VisualStudioVersion = 17.1.32210.238
MinimumVisualStudioVersion = 10.0.40219.1
Project("{FAE04EC0-301F-11D3-BF4B-00C04F79EFBC}") = "Geometry Triangle 01", "Geometry Triangle 01\Geometry Triangle 01.csproj", "{D8E88AB6-50A9-4DDC-9D82-61D1DE5C8E9E}"
EndProject
Global
	GlobalSection(SolutionConfigurationPlatforms) = preSolution
		Debug|Any CPU = Debug|Any CPU
		Release|Any CPU = Release|Any CPU
	EndGlobalSection
	GlobalSection(ProjectConfigurationPlatforms) = postSolution
		{D8E88AB6-50A9-4DDC-9D82-61D1DE5C8E9E}.Debug|Any CPU.ActiveCfg = Debug|Any CPU
		{D8E88AB6-50A9-4DDC-9D82-61D1DE5C8E9E}.Debug|Any CPU.Build.0 = Debug|Any CPU
		{D8E88AB6-50A9-4DDC-9D82-61D1DE5C8E9E}.Release|Any CPU.ActiveCfg = Release|Any CPU
		{D8E88AB6-50A9-4DDC-9D82-61D1DE5C8E9E}.Release|Any CPU.Build.0 = Release|Any CPU
	EndGlobalSection
	GlobalSection(SolutionProperties) = preSolution
		HideSolutionNode = FALSE
	EndGlobalSection
	GlobalSection(ExtensibilityGlobals) = postSolution
		SolutionGuid = {7715F8EF-4E9A-4B27-817B-56EE18E2C6C2}
	EndGlobalSection
EndGlobal
