
Microsoft Visual Studio Solution File, Format Version 12.00
# Visual Studio Version 17
VisualStudioVersion = 17.1.32210.238
MinimumVisualStudioVersion = 10.0.40219.1
Project("{FAE04EC0-301F-11D3-BF4B-00C04F79EFBC}") = "Problem11 PrimeNumbers", "Problem11 PrimeNumbers\Problem11 PrimeNumbers.csproj", "{A7315373-6A9B-4778-B89A-97B47F3ECD99}"
EndProject
Global
	GlobalSection(SolutionConfigurationPlatforms) = preSolution
		Debug|Any CPU = Debug|Any CPU
		Release|Any CPU = Release|Any CPU
	EndGlobalSection
	GlobalSection(ProjectConfigurationPlatforms) = postSolution
		{A7315373-6A9B-4778-B89A-97B47F3ECD99}.Debug|Any CPU.ActiveCfg = Debug|Any CPU
		{A7315373-6A9B-4778-B89A-97B47F3ECD99}.Debug|Any CPU.Build.0 = Debug|Any CPU
		{A7315373-6A9B-4778-B89A-97B47F3ECD99}.Release|Any CPU.ActiveCfg = Release|Any CPU
		{A7315373-6A9B-4778-B89A-97B47F3ECD99}.Release|Any CPU.Build.0 = Release|Any CPU
	EndGlobalSection
	GlobalSection(SolutionProperties) = preSolution
		HideSolutionNode = FALSE
	EndGlobalSection
	GlobalSection(ExtensibilityGlobals) = postSolution
		SolutionGuid = {8A1E7CFD-EA21-44E6-BDC7-7ABC97F8DA6E}
	EndGlobalSection
EndGlobal
