
Microsoft Visual Studio Solution File, Format Version 12.00
# Visual Studio Version 17
VisualStudioVersion = 17.1.32210.238
MinimumVisualStudioVersion = 10.0.40219.1
Project("{FAE04EC0-301F-11D3-BF4B-00C04F79EFBC}") = "Problem 1", "Problem 1\Problem 1.csproj", "{3BCF27E9-BD6D-4B31-9FEA-F7BD8D004DEC}"
EndProject
Global
	GlobalSection(SolutionConfigurationPlatforms) = preSolution
		Debug|Any CPU = Debug|Any CPU
		Release|Any CPU = Release|Any CPU
	EndGlobalSection
	GlobalSection(ProjectConfigurationPlatforms) = postSolution
		{3BCF27E9-BD6D-4B31-9FEA-F7BD8D004DEC}.Debug|Any CPU.ActiveCfg = Debug|Any CPU
		{3BCF27E9-BD6D-4B31-9FEA-F7BD8D004DEC}.Debug|Any CPU.Build.0 = Debug|Any CPU
		{3BCF27E9-BD6D-4B31-9FEA-F7BD8D004DEC}.Release|Any CPU.ActiveCfg = Release|Any CPU
		{3BCF27E9-BD6D-4B31-9FEA-F7BD8D004DEC}.Release|Any CPU.Build.0 = Release|Any CPU
	EndGlobalSection
	GlobalSection(SolutionProperties) = preSolution
		HideSolutionNode = FALSE
	EndGlobalSection
	GlobalSection(ExtensibilityGlobals) = postSolution
		SolutionGuid = {7556FD98-BD9C-4519-BF8A-2C080E5AD04A}
	EndGlobalSection
EndGlobal
