
Microsoft Visual Studio Solution File, Format Version 12.00
# Visual Studio Version 17
VisualStudioVersion = 17.1.32210.238
MinimumVisualStudioVersion = 10.0.40219.1
Project("{FAE04EC0-301F-11D3-BF4B-00C04F79EFBC}") = "Any Base To Another Base", "Any Base To Another Base\Any Base To Another Base.csproj", "{CF2D2FB3-006C-49A1-BC80-B575A89D6099}"
EndProject
Global
	GlobalSection(SolutionConfigurationPlatforms) = preSolution
		Debug|Any CPU = Debug|Any CPU
		Release|Any CPU = Release|Any CPU
	EndGlobalSection
	GlobalSection(ProjectConfigurationPlatforms) = postSolution
		{CF2D2FB3-006C-49A1-BC80-B575A89D6099}.Debug|Any CPU.ActiveCfg = Debug|Any CPU
		{CF2D2FB3-006C-49A1-BC80-B575A89D6099}.Debug|Any CPU.Build.0 = Debug|Any CPU
		{CF2D2FB3-006C-49A1-BC80-B575A89D6099}.Release|Any CPU.ActiveCfg = Release|Any CPU
		{CF2D2FB3-006C-49A1-BC80-B575A89D6099}.Release|Any CPU.Build.0 = Release|Any CPU
	EndGlobalSection
	GlobalSection(SolutionProperties) = preSolution
		HideSolutionNode = FALSE
	EndGlobalSection
	GlobalSection(ExtensibilityGlobals) = postSolution
		SolutionGuid = {F5BA646A-D1EF-4B7C-872F-8E3FCE50156F}
	EndGlobalSection
EndGlobal
